// !$*UTF8*$!
{
	archiveVersion = 1;
	classes = {
	};
	objectVersion = 48;
	objects = {

/* Begin PBXBuildFile section */
		504EC3081FED79650016851F /* AppDelegate.swift in Sources */ = {isa = PBXBuildFile; fileRef = 504EC3071FED79650016851F /* AppDelegate.swift */; };
		D1CE4A5B6C7D8E9FA0B1C2D3 /* CoinPilotMinimal.xcassets in Resources */ = {isa = PBXBuildFile; fileRef = D1CE4A5B6C7D8E9FA0B1C2D4 /* CoinPilotMinimal.xcassets */; };
		504EC3121FED79650016851F /* LaunchScreen.storyboard in Resources */ = {isa = PBXBuildFile; fileRef = 504EC3101FED79650016851F /* LaunchScreen.storyboard */; };
		DCA9A1572D6F4A1CB013B2A8 /* PrivacyInfo.xcprivacy in Resources */ = {isa = PBXBuildFile; fileRef = DCA9A1572D6F4A1CB013B2A7 /* PrivacyInfo.xcprivacy */; };
		9582B6832FE993A70072D4E8 /* SceneDelegate.swift in Sources */ = {isa = PBXBuildFile; fileRef = 9582B6822FE993A50072D4E8 /* SceneDelegate.swift */; };
		A1B2C3D4E5F60718293A4B5C /* ServerAddressPolicy.swift in Sources */ = {isa = PBXBuildFile; fileRef = B1C2D3E4F5061728394A5B6C /* ServerAddressPolicy.swift */; };
		F0501A7B8C2D4E10A1B2C3D4 /* CoinPilotStore.swift in Sources */ = {isa = PBXBuildFile; fileRef = F0501A7B8C2D4E10A1B2C3D5 /* CoinPilotStore.swift */; };
		F0501A7B8C2D4E10A1B2C3D6 /* CoinPilotViews.swift in Sources */ = {isa = PBXBuildFile; fileRef = F0501A7B8C2D4E10A1B2C3D7 /* CoinPilotViews.swift */; };
		F7101A7B8C2D4E10A1B2C3D4 /* CoinPilotBundledPreview.swift in Sources */ = {isa = PBXBuildFile; fileRef = F7101A7B8C2D4E10A1B2C3D5 /* CoinPilotBundledPreview.swift */; };
		C0B11E0A2B3C4D5E6F708193 /* CoinPilotBundledMarketData.swift in Sources */ = {isa = PBXBuildFile; fileRef = C0B11E0A2B3C4D5E6F708192 /* CoinPilotBundledMarketData.swift */; };
/* End PBXBuildFile section */

/* Begin PBXFileReference section */
		504EC3041FED79650016851F /* App.app */ = {isa = PBXFileReference; explicitFileType = wrapper.application; includeInIndex = 0; path = App.app; sourceTree = BUILT_PRODUCTS_DIR; };
		504EC3071FED79650016851F /* AppDelegate.swift */ = {isa = PBXFileReference; lastKnownFileType = sourcecode.swift; path = AppDelegate.swift; sourceTree = "<group>"; };
		504EC30E1FED79650016851F /* Assets.xcassets */ = {isa = PBXFileReference; lastKnownFileType = folder.assetcatalog; path = Assets.xcassets; sourceTree = "<group>"; };
		D1CE4A5B6C7D8E9FA0B1C2D4 /* CoinPilotMinimal.xcassets */ = {isa = PBXFileReference; lastKnownFileType = folder.assetcatalog; path = CoinPilotMinimal.xcassets; sourceTree = "<group>"; };
		504EC3111FED79650016851F /* Base */ = {isa = PBXFileReference; lastKnownFileType = file.storyboard; name = Base; path = Base.lproj/LaunchScreen.storyboard; sourceTree = "<group>"; };
		504EC3131FED79650016851F /* Info.plist */ = {isa = PBXFileReference; lastKnownFileType = text.plist.xml; path = Info.plist; sourceTree = "<group>"; };
		DCA9A1572D6F4A1CB013B2A7 /* PrivacyInfo.xcprivacy */ = {isa = PBXFileReference; lastKnownFileType = text.xml; path = PrivacyInfo.xcprivacy; sourceTree = "<group>"; };
		9582B6822FE993A50072D4E8 /* SceneDelegate.swift */ = {isa = PBXFileReference; lastKnownFileType = sourcecode.swift; path = SceneDelegate.swift; sourceTree = "<group>"; };
		B1C2D3E4F5061728394A5B6C /* ServerAddressPolicy.swift */ = {isa = PBXFileReference; lastKnownFileType = sourcecode.swift; path = ServerAddressPolicy.swift; sourceTree = "<group>"; };
		F0501A7B8C2D4E10A1B2C3D5 /* CoinPilotStore.swift */ = {isa = PBXFileReference; lastKnownFileType = sourcecode.swift; path = CoinPilotStore.swift; sourceTree = "<group>"; };
		F0501A7B8C2D4E10A1B2C3D7 /* CoinPilotViews.swift */ = {isa = PBXFileReference; lastKnownFileType = sourcecode.swift; path = CoinPilotViews.swift; sourceTree = "<group>"; };
		F7101A7B8C2D4E10A1B2C3D5 /* CoinPilotBundledPreview.swift */ = {isa = PBXFileReference; lastKnownFileType = sourcecode.swift; path = CoinPilotBundledPreview.swift; sourceTree = "<group>"; };
		F7101A7B8C2D4E10A1B2C3D7 /* CoinPilotBundledPreview.json */ = {isa = PBXFileReference; lastKnownFileType = text.json; path = CoinPilotBundledPreview.json; sourceTree = "<group>"; };
		C0B11E0A2B3C4D5E6F708192 /* CoinPilotBundledMarketData.swift */ = {isa = PBXFileReference; lastKnownFileType = sourcecode.swift; path = CoinPilotBundledMarketData.swift; sourceTree = "<group>"; };
/* End PBXFileReference section */

/* Begin PBXFrameworksBuildPhase section */
		504EC3011FED79650016851F /* Frameworks */ = {
			isa = PBXFrameworksBuildPhase;
			buildActionMask = 2147483647;
			files = (
			);
			runOnlyForDeploymentPostprocessing = 0;
		};
/* End PBXFrameworksBuildPhase section */

/* Begin PBXGroup section */
		504EC2FB1FED79650016851F = {
			isa = PBXGroup;
			children = (
				504EC3061FED79650016851F /* App */,
				504EC3051FED79650016851F /* Products */,
			);
			sourceTree = "<group>";
		};
		504EC3051FED79650016851F /* Products */ = {
			isa = PBXGroup;
			children = (
				504EC3041FED79650016851F /* App.app */,
			);
			name = Products;
			sourceTree = "<group>";
		};
		504EC3061FED79650016851F /* App */ = {
			isa = PBXGroup;
			children = (
				9582B6822FE993A50072D4E8 /* SceneDelegate.swift */,
				F0501A7B8C2D4E10A1B2C3D5 /* CoinPilotStore.swift */,
				F0501A7B8C2D4E10A1B2C3D7 /* CoinPilotViews.swift */,
				F7101A7B8C2D4E10A1B2C3D5 /* CoinPilotBundledPreview.swift */,
				C0B11E0A2B3C4D5E6F708192 /* CoinPilotBundledMarketData.swift */,
				F7101A7B8C2D4E10A1B2C3D7 /* CoinPilotBundledPreview.json */,
				B1C2D3E4F5061728394A5B6C /* ServerAddressPolicy.swift */,
				504EC3071FED79650016851F /* AppDelegate.swift */,
				504EC30E1FED79650016851F /* Assets.xcassets */,
				D1CE4A5B6C7D8E9FA0B1C2D4 /* CoinPilotMinimal.xcassets */,
				504EC3101FED79650016851F /* LaunchScreen.storyboard */,
				504EC3131FED79650016851F /* Info.plist */,
				DCA9A1572D6F4A1CB013B2A7 /* PrivacyInfo.xcprivacy */,
			);
			path = App;
			sourceTree = "<group>";
		};
/* End PBXGroup section */

/* Begin PBXNativeTarget section */
		504EC3031FED79650016851F /* App */ = {
			isa = PBXNativeTarget;
			buildConfigurationList = 504EC3161FED79650016851F /* Build configuration list for PBXNativeTarget "App" */;
			buildPhases = (
				504EC3001FED79650016851F /* Sources */,
				504EC3011FED79650016851F /* Frameworks */,
				504EC3021FED79650016851F /* Resources */,
				F7101A7B8C2D4E10A1B2C3D8 /* Conditional bundled preview data */,
			);
			buildRules = (
			);
			dependencies = (
			);
			name = App;
			packageProductDependencies = (
			);
			productName = App;
			productReference = 504EC3041FED79650016851F /* App.app */;
			productType = "com.apple.product-type.application";
		};
/* End PBXNativeTarget section */

/* Begin PBXProject section */
		504EC2FC1FED79650016851F /* Project object */ = {
			isa = PBXProject;
			attributes = {
				LastSwiftUpdateCheck = 0920;
				LastUpgradeCheck = 0920;
				TargetAttributes = {
					504EC3031FED79650016851F = {
						CreatedOnToolsVersion = 9.2;
						LastSwiftMigration = 1100;
						ProvisioningStyle = Automatic;
					};
				};
			};
			buildConfigurationList = 504EC2FF1FED79650016851F /* Build configuration list for PBXProject "App" */;
			compatibilityVersion = "Xcode 8.0";
			developmentRegion = en;
			hasScannedForEncodings = 0;
			knownRegions = (
				en,
				Base,
			);
			mainGroup = 504EC2FB1FED79650016851F;
			productRefGroup = 504EC3051FED79650016851F /* Products */;
			projectDirPath = "";
			projectRoot = "";
			targets = (
				504EC3031FED79650016851F /* App */,
			);
		};
/* End PBXProject section */

/* Begin PBXResourcesBuildPhase section */
		504EC3021FED79650016851F /* Resources */ = {
			isa = PBXResourcesBuildPhase;
			buildActionMask = 2147483647;
			files = (
				504EC3121FED79650016851F /* LaunchScreen.storyboard in Resources */,
				D1CE4A5B6C7D8E9FA0B1C2D3 /* CoinPilotMinimal.xcassets in Resources */,
				DCA9A1572D6F4A1CB013B2A8 /* PrivacyInfo.xcprivacy in Resources */,
			);
			runOnlyForDeploymentPostprocessing = 0;
		};
/* End PBXResourcesBuildPhase section */

/* Begin PBXShellScriptBuildPhase section */
		F7101A7B8C2D4E10A1B2C3D8 /* Conditional bundled market data */ = {
			isa = PBXShellScriptBuildPhase;
			alwaysOutOfDate = 1;
			buildActionMask = 2147483647;
			files = (
			);
			inputFileListPaths = (
			);
			inputPaths = (
				"$(SRCROOT)/App/CoinPilotBundledPreview.json",
			);
			name = "Bundle selected market data only";
			outputFileListPaths = (
			);
			outputPaths = (
				"$(DERIVED_FILE_DIR)/CoinPilotDataMode.txt",
			);
			runOnlyForDeploymentPostprocessing = 0;
			shellPath = /bin/sh;
			shellScript = "set -eu\nMODE=\"${COINPILOT_DATA_MODE:-server}\"\nPREVIEW_SOURCE=\"${SRCROOT}/App/CoinPilotBundledPreview.json\"\nAPP_RESOURCE_DIR=\"${TARGET_BUILD_DIR}/${UNLOCALIZED_RESOURCES_FOLDER_PATH}\"\nPREVIEW_TARGET=\"${APP_RESOURCE_DIR}/CoinPilotBundledPreview.json\"\nLOCAL_TARGET=\"${APP_RESOURCE_DIR}/CoinPilotBundledLocalMarketData.json\"\nLOCAL_DIGEST_TARGET=\"${APP_RESOURCE_DIR}/CoinPilotBundledLocalMarketData.sha256\"\nrm -f \"${PREVIEW_TARGET}\" \"${LOCAL_TARGET}\" \"${LOCAL_DIGEST_TARGET}\"\ncase \"${MODE}\" in\n  server)\n    ;;\n  bundled-preview)\n    mkdir -p \"${APP_RESOURCE_DIR}\"\n    cp \"${PREVIEW_SOURCE}\" \"${PREVIEW_TARGET}\"\n    ;;\n  bundled-local)\n    LOCAL_SOURCE=\"${COINPILOT_LOCAL_MARKET_DATA_FILE:-}\"\n    case \"${LOCAL_SOURCE}\" in\n      /*) ;;\n      *) echo \"error: COINPILOT_LOCAL_MARKET_DATA_FILE must be an explicit absolute file path.\" >&2; exit 1 ;;\n    esac\n    if [ ! -f \"${LOCAL_SOURCE}\" ]; then\n      echo \"error: COINPILOT_LOCAL_MARKET_DATA_FILE does not exist or is not a file.\" >&2\n      exit 1\n    fi\n    FILE_BYTES=$(/usr/bin/stat -f '%z' \"${LOCAL_SOURCE}\")\n    if [ \"${FILE_BYTES}\" -gt 52428800 ]; then\n      echo \"error: local market data exceeds the 50 MiB limit.\" >&2\n      exit 1\n    fi\n    python3 - \"${LOCAL_SOURCE}\" <<'PY'\nimport datetime, json, math, re, sys\n\ndef fail(message):\n    raise ValueError(message)\n\ndef unique_pairs(pairs):\n    result = {}\n    for key, value in pairs:\n        if key in result:\n            fail('duplicate JSON field: ' + key)\n        result[key] = value\n    return result\n\ndef reject_constant(value):\n    fail('non-JSON numeric constant: ' + value)\n\ndef exact_fields(value, keys, label):\n    if type(value) is not dict or set(value) != set(keys):\n        fail(label + ' fields do not match schema v1')\n\ndef utc_timestamp(value):\n    if type(value) is not str or not re.fullmatch(r'[0-9]{4}-[0-9]{2}-[0-9]{2}T[0-9]{2}:[0-9]{2}:[0-9]{2}(?:\\.[0-9]{1,9})?Z', value):\n        fail('timestamp must be an ISO-8601 UTC value ending in Z')\n    return datetime.datetime.fromisoformat(value[:-1] + '+00:00')\n\ndef finite_number(value):\n    return type(value) in (int, float) and math.isfinite(value)\n\ntry:\n    with open(sys.argv[1], 'r', encoding='utf-8') as source_file:\n        root = json.load(source_file, object_pairs_hook=unique_pairs, parse_constant=reject_constant)\n    exact_fields(root, {'schemaVersion', 'source', 'generatedAt', 'markets'}, 'root')\n    if type(root['schemaVersion']) is not int or root['schemaVersion'] != 1 or root['source'] != 'upbit-public-market-api':\n        fail('unsupported schema version or source')\n    generated_at = utc_timestamp(root['generatedAt'])\n    markets = root['markets']\n    if type(markets) is not list or not 1 <= len(markets) <= 500:\n        fail('market list must contain 1 to 500 markets')\n    seen_markets = set()\n    for market_row in markets:\n        exact_fields(market_row, {'market', 'candles'}, 'market')\n        market = market_row['market']\n        if type(market) is not str or not re.fullmatch(r'KRW-[A-Z0-9]{2,15}', market) or market in seen_markets:\n            fail('market must be a unique KRW code')\n        seen_markets.add(market)\n        candles = market_row['candles']\n        if type(candles) is not list or not 1 <= len(candles) <= 20000:\n            fail('each market must have 1 to 20000 candles')\n        previous = {}\n        seen_candles = set()\n        for candle in candles:\n            exact_fields(candle, {'intervalMinutes', 'timestamp', 'open', 'high', 'low', 'close', 'volume'}, 'candle')\n            interval = candle['intervalMinutes']\n            if type(interval) is not int or interval not in (1, 5, 15, 60):\n                fail('unsupported candle interval')\n            timestamp = utc_timestamp(candle['timestamp'])\n            if timestamp > generated_at:\n                fail('candle timestamp must not be later than generatedAt')\n            candle_key = (interval, candle['timestamp'])\n            if candle_key in seen_candles or (interval in previous and timestamp <= previous[interval]):\n                fail('candles must be unique and chronological per interval')\n            seen_candles.add(candle_key)\n            previous[interval] = timestamp\n            values = [candle[name] for name in ('open', 'high', 'low', 'close', 'volume')]\n            if not all(finite_number(value) for value in values):\n                fail('OHLCV values must be finite numbers')\n            opening, high, low, close, volume = values\n            if min(opening, high, low, close) <= 0 or volume < 0 or high < max(opening, close) or low > min(opening, close) or low > high:\n                fail('OHLCV values are outside valid bounds')\nexcept (OSError, UnicodeError, json.JSONDecodeError, ValueError, TypeError, KeyError) as error:\n    print('error: invalid bundled local market data: ' + str(error), file=sys.stderr)\n    sys.exit(1)\nPY\n    mkdir -p \"${APP_RESOURCE_DIR}\"\n    cp \"${LOCAL_SOURCE}\" \"${LOCAL_TARGET}\"\n    python3 - \"${LOCAL_TARGET}\" \"${LOCAL_DIGEST_TARGET}\" <<'PY'\nimport hashlib, pathlib, sys\npayload = pathlib.Path(sys.argv[1]).read_bytes()\npathlib.Path(sys.argv[2]).write_bytes(hashlib.sha256(payload).hexdigest().encode('ascii'))\nPY\n    ;;\n  *)\n    echo \"error: unsupported COINPILOT_DATA_MODE '${MODE}'.\" >&2\n    exit 1\n    ;;\nesac\nprintf '%s\\n' \"${MODE}\" > \"${DERIVED_FILE_DIR}/CoinPilotDataMode.txt\"\n";
		};
/* End PBXShellScriptBuildPhase section */

/* Begin PBXSourcesBuildPhase section */
		504EC3001FED79650016851F /* Sources */ = {
			isa = PBXSourcesBuildPhase;
			buildActionMask = 2147483647;
			files = (
				504EC3081FED79650016851F /* AppDelegate.swift in Sources */,
				9582B6832FE993A70072D4E8 /* SceneDelegate.swift in Sources */,
				F0501A7B8C2D4E10A1B2C3D4 /* CoinPilotStore.swift in Sources */,
				F0501A7B8C2D4E10A1B2C3D6 /* CoinPilotViews.swift in Sources */,
				F7101A7B8C2D4E10A1B2C3D4 /* CoinPilotBundledPreview.swift in Sources */,
				C0B11E0A2B3C4D5E6F708193 /* CoinPilotBundledMarketData.swift in Sources */,
				A1B2C3D4E5F60718293A4B5C /* ServerAddressPolicy.swift in Sources */,
			);
			runOnlyForDeploymentPostprocessing = 0;
		};
/* End PBXSourcesBuildPhase section */

/* Begin PBXVariantGroup section */
		504EC3101FED79650016851F /* LaunchScreen.storyboard */ = {
			isa = PBXVariantGroup;
			children = (
				504EC3111FED79650016851F /* Base */,
			);
			name = LaunchScreen.storyboard;
			sourceTree = "<group>";
		};
/* End PBXVariantGroup section */

/* Begin XCBuildConfiguration section */
		504EC3141FED79650016851F /* Debug */ = {
			isa = XCBuildConfiguration;
			buildSettings = {
				ALWAYS_SEARCH_USER_PATHS = NO;
				CLANG_ANALYZER_NONNULL = YES;
				CLANG_ANALYZER_NUMBER_OBJECT_CONVERSION = YES_AGGRESSIVE;
				CLANG_CXX_LANGUAGE_STANDARD = "gnu++14";
				CLANG_CXX_LIBRARY = "libc++";
				CLANG_ENABLE_MODULES = YES;
				CLANG_ENABLE_OBJC_ARC = YES;
				CLANG_WARN_BLOCK_CAPTURE_AUTORELEASING = YES;
				CLANG_WARN_BOOL_CONVERSION = YES;
				CLANG_WARN_COMMA = YES;
				CLANG_WARN_CONSTANT_CONVERSION = YES;
				CLANG_WARN_DIRECT_OBJC_ISA_USAGE = YES_ERROR;
				CLANG_WARN_DOCUMENTATION_COMMENTS = YES;
				CLANG_WARN_EMPTY_BODY = YES;
				CLANG_WARN_ENUM_CONVERSION = YES;
				CLANG_WARN_INFINITE_RECURSION = YES;
				CLANG_WARN_INT_CONVERSION = YES;
				CLANG_WARN_NON_LITERAL_NULL_CONVERSION = YES;
				CLANG_WARN_OBJC_LITERAL_CONVERSION = YES;
				CLANG_WARN_OBJC_ROOT_CLASS = YES_ERROR;
				CLANG_WARN_RANGE_LOOP_ANALYSIS = YES;
				CLANG_WARN_STRICT_PROTOTYPES = YES;
				CLANG_WARN_SUSPICIOUS_MOVE = YES;
				CLANG_WARN_UNGUARDED_AVAILABILITY = YES_AGGRESSIVE;
				CLANG_WARN_UNREACHABLE_CODE = YES;
				CLANG_WARN__DUPLICATE_METHOD_MATCH = YES;
				CODE_SIGN_IDENTITY = "iPhone Developer";
				COPY_PHASE_STRIP = NO;
				DEBUG_INFORMATION_FORMAT = dwarf;
				ENABLE_STRICT_OBJC_MSGSEND = YES;
				ENABLE_TESTABILITY = YES;
				GCC_C_LANGUAGE_STANDARD = gnu11;
				GCC_DYNAMIC_NO_PIC = NO;
				GCC_NO_COMMON_BLOCKS = YES;
				GCC_OPTIMIZATION_LEVEL = 0;
				GCC_PREPROCESSOR_DEFINITIONS = (
					"DEBUG=1",
					"$(inherited)",
				);
				GCC_WARN_64_TO_32_BIT_CONVERSION = YES;
				GCC_WARN_ABOUT_RETURN_TYPE = YES_ERROR;
				GCC_WARN_UNDECLARED_SELECTOR = YES;
				GCC_WARN_UNINITIALIZED_AUTOS = YES_AGGRESSIVE;
				GCC_WARN_UNUSED_FUNCTION = YES;
				GCC_WARN_UNUSED_VARIABLE = YES;
				IPHONEOS_DEPLOYMENT_TARGET = 15.0;
				MTL_ENABLE_DEBUG_INFO = YES;
				ONLY_ACTIVE_ARCH = YES;
				SDKROOT = iphoneos;
				SWIFT_ACTIVE_COMPILATION_CONDITIONS = DEBUG;
				SWIFT_OPTIMIZATION_LEVEL = "-Onone";
			};
			name = Debug;
		};
		504EC3151FED79650016851F /* Release */ = {
			isa = XCBuildConfiguration;
			buildSettings = {
				ALWAYS_SEARCH_USER_PATHS = NO;
				CLANG_ANALYZER_NONNULL = YES;
				CLANG_ANALYZER_NUMBER_OBJECT_CONVERSION = YES_AGGRESSIVE;
				CLANG_CXX_LANGUAGE_STANDARD = "gnu++14";
				CLANG_CXX_LIBRARY = "libc++";
				CLANG_ENABLE_MODULES = YES;
				CLANG_ENABLE_OBJC_ARC = YES;
				CLANG_WARN_BLOCK_CAPTURE_AUTORELEASING = YES;
				CLANG_WARN_BOOL_CONVERSION = YES;
				CLANG_WARN_COMMA = YES;
				CLANG_WARN_CONSTANT_CONVERSION = YES;
				CLANG_WARN_DIRECT_OBJC_ISA_USAGE = YES_ERROR;
				CLANG_WARN_DOCUMENTATION_COMMENTS = YES;
				CLANG_WARN_EMPTY_BODY = YES;
				CLANG_WARN_ENUM_CONVERSION = YES;
				CLANG_WARN_INFINITE_RECURSION = YES;
				CLANG_WARN_INT_CONVERSION = YES;
				CLANG_WARN_NON_LITERAL_NULL_CONVERSION = YES;
				CLANG_WARN_OBJC_LITERAL_CONVERSION = YES;
				CLANG_WARN_OBJC_ROOT_CLASS = YES_ERROR;
				CLANG_WARN_RANGE_LOOP_ANALYSIS = YES;
				CLANG_WARN_STRICT_PROTOTYPES = YES;
				CLANG_WARN_SUSPICIOUS_MOVE = YES;
				CLANG_WARN_UNGUARDED_AVAILABILITY = YES_AGGRESSIVE;
				CLANG_WARN_UNREACHABLE_CODE = YES;
				CLANG_WARN__DUPLICATE_METHOD_MATCH = YES;
				CODE_SIGN_IDENTITY = "iPhone Developer";
				COPY_PHASE_STRIP = NO;
				DEBUG_INFORMATION_FORMAT = "dwarf-with-dsym";
				ENABLE_NS_ASSERTIONS = NO;
				ENABLE_STRICT_OBJC_MSGSEND = YES;
				GCC_C_LANGUAGE_STANDARD = gnu11;
				GCC_NO_COMMON_BLOCKS = YES;
				GCC_WARN_64_TO_32_BIT_CONVERSION = YES;
				GCC_WARN_ABOUT_RETURN_TYPE = YES_ERROR;
				GCC_WARN_UNDECLARED_SELECTOR = YES;
				GCC_WARN_UNINITIALIZED_AUTOS = YES_AGGRESSIVE;
				GCC_WARN_UNUSED_FUNCTION = YES;
				GCC_WARN_UNUSED_VARIABLE = YES;
				IPHONEOS_DEPLOYMENT_TARGET = 15.0;
				MTL_ENABLE_DEBUG_INFO = NO;
				SDKROOT = iphoneos;
				SWIFT_OPTIMIZATION_LEVEL = "-Owholemodule";
				VALIDATE_PRODUCT = YES;
			};
			name = Release;
		};
		504EC3171FED79650016851F /* Debug */ = {
			isa = XCBuildConfiguration;
			buildSettings = {
				ASSETCATALOG_COMPILER_APPICON_NAME = CoinPilotAppIconGenerated;
				CODE_SIGN_STYLE = Automatic;
				CURRENT_PROJECT_VERSION = 6;
				DEVELOPMENT_TEAM = A23ZPKGMW9;
				INFOPLIST_FILE = App/Info.plist;
				COINPILOT_DATA_MODE = server;
				IPHONEOS_DEPLOYMENT_TARGET = 15.0;
				LD_RUNPATH_SEARCH_PATHS = "$(inherited) @executable_path/Frameworks";
				MARKETING_VERSION = 1.0;
				OTHER_SWIFT_FLAGS = "$(inherited) \"-D\" \"DEBUG\"";
				PRODUCT_BUNDLE_IDENTIFIER = com.godekd3133.coinpilot;
				PRODUCT_NAME = "$(TARGET_NAME)";
				SWIFT_ACTIVE_COMPILATION_CONDITIONS = DEBUG;
				SWIFT_VERSION = 5.0;
				TARGETED_DEVICE_FAMILY = "1,2";
			};
			name = Debug;
		};
		504EC3181FED79650016851F /* Release */ = {
			isa = XCBuildConfiguration;
			buildSettings = {
				ASSETCATALOG_COMPILER_APPICON_NAME = CoinPilotAppIconGenerated;
				CODE_SIGN_STYLE = Automatic;
				CURRENT_PROJECT_VERSION = 6;
				DEVELOPMENT_TEAM = A23ZPKGMW9;
				INFOPLIST_FILE = App/Info.plist;
				COINPILOT_DATA_MODE = server;
				IPHONEOS_DEPLOYMENT_TARGET = 15.0;
				LD_RUNPATH_SEARCH_PATHS = "$(inherited) @executable_path/Frameworks";
				MARKETING_VERSION = 1.0;
				PRODUCT_BUNDLE_IDENTIFIER = com.godekd3133.coinpilot;
				PRODUCT_NAME = "$(TARGET_NAME)";
				SWIFT_ACTIVE_COMPILATION_CONDITIONS = "";
				SWIFT_VERSION = 5.0;
				TARGETED_DEVICE_FAMILY = "1,2";
			};
			name = Release;
		};
/* End XCBuildConfiguration section */

/* Begin XCConfigurationList section */
		504EC2FF1FED79650016851F /* Build configuration list for PBXProject "App" */ = {
			isa = XCConfigurationList;
			buildConfigurations = (
				504EC3141FED79650016851F /* Debug */,
				504EC3151FED79650016851F /* Release */,
			);
			defaultConfigurationIsVisible = 0;
			defaultConfigurationName = Release;
		};
		504EC3161FED79650016851F /* Build configuration list for PBXNativeTarget "App" */ = {
			isa = XCConfigurationList;
			buildConfigurations = (
				504EC3171FED79650016851F /* Debug */,
				504EC3181FED79650016851F /* Release */,
			);
			defaultConfigurationIsVisible = 0;
			defaultConfigurationName = Release;
		};
/* End XCConfigurationList section */
	};
	rootObject = 504EC2FC1FED79650016851F /* Project object */;
}
